
Microsoft Visual Studio Solution File, Format Version 12.00
# Visual Studio Version 16
VisualStudioVersion = 16.0.30011.22
MinimumVisualStudioVersion = 10.0.40219.1
Project("{FAE04EC0-301F-11D3-BF4B-00C04F79EFBC}") = "HtmlParser.Xml", "HtmlParser\HtmlParser.Xml.csproj", "{2B00A37B-CB94-4DB1-8E04-71DA168283EB}"
EndProject
Project("{FAE04EC0-301F-11D3-BF4B-00C04F79EFBC}") = "HtmlParser.Xml.Test", "HtmlParser.Test\HtmlParser.Xml.Test.csproj", "{5E32B8C1-E7A0-44BC-AB0A-9B8D7CC234F4}"
EndProject
Global
	GlobalSection(SolutionConfigurationPlatforms) = preSolution
		Debug|Any CPU = Debug|Any CPU
		Release|Any CPU = Release|Any CPU
	EndGlobalSection
	GlobalSection(ProjectConfigurationPlatforms) = postSolution
		{2B00A37B-CB94-4DB1-8E04-71DA168283EB}.Debug|Any CPU.ActiveCfg = Debug|Any CPU
		{2B00A37B-CB94-4DB1-8E04-71DA168283EB}.Debug|Any CPU.Build.0 = Debug|Any CPU
		{2B00A37B-CB94-4DB1-8E04-71DA168283EB}.Release|Any CPU.ActiveCfg = Release|Any CPU
		{2B00A37B-CB94-4DB1-8E04-71DA168283EB}.Release|Any CPU.Build.0 = Release|Any CPU
		{5E32B8C1-E7A0-44BC-AB0A-9B8D7CC234F4}.Debug|Any CPU.ActiveCfg = Debug|Any CPU
		{5E32B8C1-E7A0-44BC-AB0A-9B8D7CC234F4}.Debug|Any CPU.Build.0 = Debug|Any CPU
		{5E32B8C1-E7A0-44BC-AB0A-9B8D7CC234F4}.Release|Any CPU.ActiveCfg = Release|Any CPU
		{5E32B8C1-E7A0-44BC-AB0A-9B8D7CC234F4}.Release|Any CPU.Build.0 = Release|Any CPU
	EndGlobalSection
	GlobalSection(SolutionProperties) = preSolution
		HideSolutionNode = FALSE
	EndGlobalSection
	GlobalSection(ExtensibilityGlobals) = postSolution
		SolutionGuid = {C7243A84-8AC3-4A4C-AB1B-FBCCAA039F2E}
	EndGlobalSection
EndGlobal
